// !$*UTF8*$!
{
	archiveVersion = 1;
	classes = {
	};
	objectVersion = 46;
	objects = {

/* Begin PBXBuildFile section */
		7390F3E81DF79EE7005CAED4 /* main.swift in Sources */ = {isa = PBXBuildFile; fileRef = 7390F3E71DF79EE7005CAED4 /* main.swift */; };
		73F4E03B1E01F75C0013494A /* Heap.swift in Sources */ = {isa = PBXBuildFile; fileRef = 73F4E0351E01F75C0013494A /* Heap.swift */; };
		73F4E03C1E01F75C0013494A /* Int+Extensions.swift in Sources */ = {isa = PBXBuildFile; fileRef = 73F4E0361E01F75C0013494A /* Int+Extensions.swift */; };
		73F4E03D1E01F75C0013494A /* Queue.swift in Sources */ = {isa = PBXBuildFile; fileRef = 73F4E0371E01F75C0013494A /* Queue.swift */; };
		73F4E03E1E01F75C0013494A /* Version1-UsingQueue.swift in Sources */ = {isa = PBXBuildFile; fileRef = 73F4E0381E01F75C0013494A /* Version1-UsingQueue.swift */; };
		73F4E03F1E01F75C0013494A /* Version2-UsingAStar.swift in Sources */ = {isa = PBXBuildFile; fileRef = 73F4E0391E01F75C0013494A /* Version2-UsingAStar.swift */; };
		73F4E0401E01F75C0013494A /* Version3-UsingSetForFrontier.swift in Sources */ = {isa = PBXBuildFile; fileRef = 73F4E03A1E01F75C0013494A /* Version3-UsingSetForFrontier.swift */; };
/* End PBXBuildFile section */

/* Begin PBXCopyFilesBuildPhase section */
		7390F3E21DF79EE6005CAED4 /* CopyFiles */ = {
			isa = PBXCopyFilesBuildPhase;
			buildActionMask = 2147483647;
			dstPath = /usr/share/man/man1/;
			dstSubfolderSpec = 0;
			files = (
			);
			runOnlyForDeploymentPostprocessing = 1;
		};
/* End PBXCopyFilesBuildPhase section */

/* Begin PBXFileReference section */
		7390F3E41DF79EE7005CAED4 /* Advent2016 */ = {isa = PBXFileReference; explicitFileType = "compiled.mach-o.executable"; includeInIndex = 0; path = Advent2016; sourceTree = BUILT_PRODUCTS_DIR; };
		7390F3E71DF79EE7005CAED4 /* main.swift */ = {isa = PBXFileReference; lastKnownFileType = sourcecode.swift; path = main.swift; sourceTree = "<group>"; };
		73F4E0351E01F75C0013494A /* Heap.swift */ = {isa = PBXFileReference; fileEncoding = 4; lastKnownFileType = sourcecode.swift; path = Heap.swift; sourceTree = "<group>"; };
		73F4E0361E01F75C0013494A /* Int+Extensions.swift */ = {isa = PBXFileReference; fileEncoding = 4; lastKnownFileType = sourcecode.swift; path = "Int+Extensions.swift"; sourceTree = "<group>"; };
		73F4E0371E01F75C0013494A /* Queue.swift */ = {isa = PBXFileReference; fileEncoding = 4; lastKnownFileType = sourcecode.swift; path = Queue.swift; sourceTree = "<group>"; };
		73F4E0381E01F75C0013494A /* Version1-UsingQueue.swift */ = {isa = PBXFileReference; fileEncoding = 4; lastKnownFileType = sourcecode.swift; path = "Version1-UsingQueue.swift"; sourceTree = "<group>"; };
		73F4E0391E01F75C0013494A /* Version2-UsingAStar.swift */ = {isa = PBXFileReference; fileEncoding = 4; lastKnownFileType = sourcecode.swift; path = "Version2-UsingAStar.swift"; sourceTree = "<group>"; };
		73F4E03A1E01F75C0013494A /* Version3-UsingSetForFrontier.swift */ = {isa = PBXFileReference; fileEncoding = 4; lastKnownFileType = sourcecode.swift; path = "Version3-UsingSetForFrontier.swift"; sourceTree = "<group>"; };
/* End PBXFileReference section */

/* Begin PBXFrameworksBuildPhase section */
		7390F3E11DF79EE6005CAED4 /* Frameworks */ = {
			isa = PBXFrameworksBuildPhase;
			buildActionMask = 2147483647;
			files = (
			);
			runOnlyForDeploymentPostprocessing = 0;
		};
/* End PBXFrameworksBuildPhase section */

/* Begin PBXGroup section */
		7390F3DB1DF79EE6005CAED4 = {
			isa = PBXGroup;
			children = (
				7390F3E61DF79EE7005CAED4 /* Advent2016 */,
				7390F3E51DF79EE7005CAED4 /* Products */,
			);
			sourceTree = "<group>";
		};
		7390F3E51DF79EE7005CAED4 /* Products */ = {
			isa = PBXGroup;
			children = (
				7390F3E41DF79EE7005CAED4 /* Advent2016 */,
			);
			name = Products;
			sourceTree = "<group>";
		};
		7390F3E61DF79EE7005CAED4 /* Advent2016 */ = {
			isa = PBXGroup;
			children = (
				7390F3E71DF79EE7005CAED4 /* main.swift */,
				73F4E0341E01F75C0013494A /* Previous */,
			);
			path = Advent2016;
			sourceTree = "<group>";
		};
		73F4E0341E01F75C0013494A /* Previous */ = {
			isa = PBXGroup;
			children = (
				73F4E0351E01F75C0013494A /* Heap.swift */,
				73F4E0361E01F75C0013494A /* Int+Extensions.swift */,
				73F4E0371E01F75C0013494A /* Queue.swift */,
				73F4E0381E01F75C0013494A /* Version1-UsingQueue.swift */,
				73F4E0391E01F75C0013494A /* Version2-UsingAStar.swift */,
				73F4E03A1E01F75C0013494A /* Version3-UsingSetForFrontier.swift */,
			);
			path = Previous;
			sourceTree = "<group>";
		};
/* End PBXGroup section */

/* Begin PBXNativeTarget section */
		7390F3E31DF79EE6005CAED4 /* Advent2016 */ = {
			isa = PBXNativeTarget;
			buildConfigurationList = 7390F3EB1DF79EE7005CAED4 /* Build configuration list for PBXNativeTarget "Advent2016" */;
			buildPhases = (
				7390F3E01DF79EE6005CAED4 /* Sources */,
				7390F3E11DF79EE6005CAED4 /* Frameworks */,
				7390F3E21DF79EE6005CAED4 /* CopyFiles */,
			);
			buildRules = (
			);
			dependencies = (
			);
			name = Advent2016;
			productName = Advent2016;
			productReference = 7390F3E41DF79EE7005CAED4 /* Advent2016 */;
			productType = "com.apple.product-type.tool";
		};
/* End PBXNativeTarget section */

/* Begin PBXProject section */
		7390F3DC1DF79EE6005CAED4 /* Project object */ = {
			isa = PBXProject;
			attributes = {
				LastSwiftUpdateCheck = 0810;
				LastUpgradeCheck = 0810;
				ORGANIZATIONNAME = "Andy Lee";
				TargetAttributes = {
					7390F3E31DF79EE6005CAED4 = {
						CreatedOnToolsVersion = 8.1;
						DevelopmentTeam = 39ARF8ZXEW;
						ProvisioningStyle = Automatic;
					};
				};
			};
			buildConfigurationList = 7390F3DF1DF79EE6005CAED4 /* Build configuration list for PBXProject "Advent2016" */;
			compatibilityVersion = "Xcode 3.2";
			developmentRegion = English;
			hasScannedForEncodings = 0;
			knownRegions = (
				en,
			);
			mainGroup = 7390F3DB1DF79EE6005CAED4;
			productRefGroup = 7390F3E51DF79EE7005CAED4 /* Products */;
			projectDirPath = "";
			projectRoot = "";
			targets = (
				7390F3E31DF79EE6005CAED4 /* Advent2016 */,
			);
		};
/* End PBXProject section */

/* Begin PBXSourcesBuildPhase section */
		7390F3E01DF79EE6005CAED4 /* Sources */ = {
			isa = PBXSourcesBuildPhase;
			buildActionMask = 2147483647;
			files = (
				73F4E0401E01F75C0013494A /* Version3-UsingSetForFrontier.swift in Sources */,
				73F4E03F1E01F75C0013494A /* Version2-UsingAStar.swift in Sources */,
				73F4E03C1E01F75C0013494A /* Int+Extensions.swift in Sources */,
				73F4E03E1E01F75C0013494A /* Version1-UsingQueue.swift in Sources */,
				7390F3E81DF79EE7005CAED4 /* main.swift in Sources */,
				73F4E03B1E01F75C0013494A /* Heap.swift in Sources */,
				73F4E03D1E01F75C0013494A /* Queue.swift in Sources */,
			);
			runOnlyForDeploymentPostprocessing = 0;
		};
/* End PBXSourcesBuildPhase section */

/* Begin XCBuildConfiguration section */
		7390F3E91DF79EE7005CAED4 /* Debug */ = {
			isa = XCBuildConfiguration;
			buildSettings = {
				ALWAYS_SEARCH_USER_PATHS = NO;
				CLANG_ANALYZER_NONNULL = YES;
				CLANG_CXX_LANGUAGE_STANDARD = "gnu++0x";
				CLANG_CXX_LIBRARY = "libc++";
				CLANG_ENABLE_MODULES = YES;
				CLANG_ENABLE_OBJC_ARC = YES;
				CLANG_WARN_BOOL_CONVERSION = YES;
				CLANG_WARN_CONSTANT_CONVERSION = YES;
				CLANG_WARN_DIRECT_OBJC_ISA_USAGE = YES_ERROR;
				CLANG_WARN_DOCUMENTATION_COMMENTS = YES;
				CLANG_WARN_EMPTY_BODY = YES;
				CLANG_WARN_ENUM_CONVERSION = YES;
				CLANG_WARN_INFINITE_RECURSION = YES;
				CLANG_WARN_INT_CONVERSION = YES;
				CLANG_WARN_OBJC_ROOT_CLASS = YES_ERROR;
				CLANG_WARN_SUSPICIOUS_MOVES = YES;
				CLANG_WARN_UNREACHABLE_CODE = YES;
				CLANG_WARN__DUPLICATE_METHOD_MATCH = YES;
				CODE_SIGN_IDENTITY = "-";
				COPY_PHASE_STRIP = NO;
				DEBUG_INFORMATION_FORMAT = dwarf;
				ENABLE_STRICT_OBJC_MSGSEND = YES;
				ENABLE_TESTABILITY = YES;
				GCC_C_LANGUAGE_STANDARD = gnu99;
				GCC_DYNAMIC_NO_PIC = NO;
				GCC_NO_COMMON_BLOCKS = YES;
				GCC_OPTIMIZATION_LEVEL = 0;
				GCC_PREPROCESSOR_DEFINITIONS = (
					"DEBUG=1",
					"$(inherited)",
				);
				GCC_WARN_64_TO_32_BIT_CONVERSION = YES;
				GCC_WARN_ABOUT_RETURN_TYPE = YES_ERROR;
				GCC_WARN_UNDECLARED_SELECTOR = YES;
				GCC_WARN_UNINITIALIZED_AUTOS = YES_AGGRESSIVE;
				GCC_WARN_UNUSED_FUNCTION = YES;
				GCC_WARN_UNUSED_VARIABLE = YES;
				MACOSX_DEPLOYMENT_TARGET = 10.12;
				MTL_ENABLE_DEBUG_INFO = YES;
				ONLY_ACTIVE_ARCH = YES;
				SDKROOT = macosx;
				SWIFT_OPTIMIZATION_LEVEL = "-Onone";
			};
			name = Debug;
		};
		7390F3EA1DF79EE7005CAED4 /* Release */ = {
			isa = XCBuildConfiguration;
			buildSettings = {
				ALWAYS_SEARCH_USER_PATHS = NO;
				CLANG_ANALYZER_NONNULL = YES;
				CLANG_CXX_LANGUAGE_STANDARD = "gnu++0x";
				CLANG_CXX_LIBRARY = "libc++";
				CLANG_ENABLE_MODULES = YES;
				CLANG_ENABLE_OBJC_ARC = YES;
				CLANG_WARN_BOOL_CONVERSION = YES;
				CLANG_WARN_CONSTANT_CONVERSION = YES;
				CLANG_WARN_DIRECT_OBJC_ISA_USAGE = YES_ERROR;
				CLANG_WARN_DOCUMENTATION_COMMENTS = YES;
				CLANG_WARN_EMPTY_BODY = YES;
				CLANG_WARN_ENUM_CONVERSION = YES;
				CLANG_WARN_INFINITE_RECURSION = YES;
				CLANG_WARN_INT_CONVERSION = YES;
				CLANG_WARN_OBJC_ROOT_CLASS = YES_ERROR;
				CLANG_WARN_SUSPICIOUS_MOVES = YES;
				CLANG_WARN_UNREACHABLE_CODE = YES;
				CLANG_WARN__DUPLICATE_METHOD_MATCH = YES;
				CODE_SIGN_IDENTITY = "-";
				COPY_PHASE_STRIP = NO;
				DEBUG_INFORMATION_FORMAT = "dwarf-with-dsym";
				ENABLE_NS_ASSERTIONS = NO;
				ENABLE_STRICT_OBJC_MSGSEND = YES;
				GCC_C_LANGUAGE_STANDARD = gnu99;
				GCC_NO_COMMON_BLOCKS = YES;
				GCC_WARN_64_TO_32_BIT_CONVERSION = YES;
				GCC_WARN_ABOUT_RETURN_TYPE = YES_ERROR;
				GCC_WARN_UNDECLARED_SELECTOR = YES;
				GCC_WARN_UNINITIALIZED_AUTOS = YES_AGGRESSIVE;
				GCC_WARN_UNUSED_FUNCTION = YES;
				GCC_WARN_UNUSED_VARIABLE = YES;
				MACOSX_DEPLOYMENT_TARGET = 10.12;
				MTL_ENABLE_DEBUG_INFO = NO;
				SDKROOT = macosx;
			};
			name = Release;
		};
		7390F3EC1DF79EE7005CAED4 /* Debug */ = {
			isa = XCBuildConfiguration;
			buildSettings = {
				DEVELOPMENT_TEAM = 39ARF8ZXEW;
				PRODUCT_NAME = "$(TARGET_NAME)";
				SWIFT_VERSION = 3.0;
			};
			name = Debug;
		};
		7390F3ED1DF79EE7005CAED4 /* Release */ = {
			isa = XCBuildConfiguration;
			buildSettings = {
				DEVELOPMENT_TEAM = 39ARF8ZXEW;
				PRODUCT_NAME = "$(TARGET_NAME)";
				SWIFT_VERSION = 3.0;
			};
			name = Release;
		};
/* End XCBuildConfiguration section */

/* Begin XCConfigurationList section */
		7390F3DF1DF79EE6005CAED4 /* Build configuration list for PBXProject "Advent2016" */ = {
			isa = XCConfigurationList;
			buildConfigurations = (
				7390F3E91DF79EE7005CAED4 /* Debug */,
				7390F3EA1DF79EE7005CAED4 /* Release */,
			);
			defaultConfigurationIsVisible = 0;
			defaultConfigurationName = Release;
		};
		7390F3EB1DF79EE7005CAED4 /* Build configuration list for PBXNativeTarget "Advent2016" */ = {
			isa = XCConfigurationList;
			buildConfigurations = (
				7390F3EC1DF79EE7005CAED4 /* Debug */,
				7390F3ED1DF79EE7005CAED4 /* Release */,
			);
			defaultConfigurationIsVisible = 0;
			defaultConfigurationName = Release;
		};
/* End XCConfigurationList section */
	};
	rootObject = 7390F3DC1DF79EE6005CAED4 /* Project object */;
}
